
Microsoft Visual Studio Solution File, Format Version 12.00
# Visual Studio Version 17
VisualStudioVersion = 17.8.34330.188
MinimumVisualStudioVersion = 10.0.40219.1
Project("{FAE04EC0-301F-11D3-BF4B-00C04F79EFBC}") = "Demo", "Demo\Demo.csproj", "{7EB32113-CA1D-4EEE-B0B7-0B682E13516D}"
EndProject
Global
	GlobalSection(SolutionConfigurationPlatforms) = preSolution
		Debug|Any CPU = Debug|Any CPU
		Release|Any CPU = Release|Any CPU
	EndGlobalSection
	GlobalSection(ProjectConfigurationPlatforms) = postSolution
		{7EB32113-CA1D-4EEE-B0B7-0B682E13516D}.Debug|Any CPU.ActiveCfg = Debug|Any CPU
		{7EB32113-CA1D-4EEE-B0B7-0B682E13516D}.Debug|Any CPU.Build.0 = Debug|Any CPU
		{7EB32113-CA1D-4EEE-B0B7-0B682E13516D}.Release|Any CPU.ActiveCfg = Release|Any CPU
		{7EB32113-CA1D-4EEE-B0B7-0B682E13516D}.Release|Any CPU.Build.0 = Release|Any CPU
	EndGlobalSection
	GlobalSection(SolutionProperties) = preSolution
		HideSolutionNode = FALSE
	EndGlobalSection
	GlobalSection(ExtensibilityGlobals) = postSolution
		SolutionGuid = {2E855F10-90D6-4ED0-9C44-0479E862B7CC}
	EndGlobalSection
EndGlobal
